{
  "name": "dsh-memory-palace",
  "version": "1.8.0-alpha.1",
  "lockfileVersion": 3,
  "requires": true,
  "packages": {
    "": {
      "name": "dsh-memory-palace",
      "version": "1.8.0-alpha.1",
      "license": "MIT",
      "devDependencies": {
        "@deepseek-ai/dsh-settings": "^0.1.7-alpha.1"
      },
      "peerDependencies": {
        "@deepseek-ai/cordis": "*",
        "@deepseek-ai/dsh-llm": "^0.1.7-alpha.1",
        "@deepseek-ai/dsh-settings": "^0.1.7-alpha.1",
        "@deepseek-ai/dsh-tools": "^0.1.7-alpha.1",
        "@deepseek-ai/schemastery": "^3.18.3"
      }
    },
    "node_modules/@deepseek-ai/cordis": {
      "version": "4.0.4",
      "resolved": "https://registry.npmmirror.com/@deepseek-ai/cordis/-/cordis-4.0.4.tgz",
      "integrity": "sha512-obgyxqWAmFn3Re8kvsuUnyW+ihrz6eJCnJO4fh1cQzDtmPYz/zzVeUkH9R94I0OwSVOocK67Kgakm04j/oQXzg==",
      "license": "MIT",
      "peer": true,
      "dependencies": {
        "@deepseek-ai/cosmokit": "~1.8.5",
        "@standard-schema/spec": "^1.1.0"
      },
      "bin": {
        "cordis": "bin.js"
      },
      "peerDependencies": {
        "@deepseek-ai/cordis-plugin-include": "~1.0.9",
        "@deepseek-ai/cordis-plugin-loader": "~1.0.5"
      },
      "peerDependenciesMeta": {
        "@deepseek-ai/cordis-plugin-include": {
          "optional": true
        },
        "@deepseek-ai/cordis-plugin-loader": {
          "optional": true
        }
      }
    },
    "node_modules/@deepseek-ai/cordis-plugin-group": {
      "version": "1.0.4",
      "resolved": "https://registry.npmmirror.com/@deepseek-ai/cordis-plugin-group/-/cordis-plugin-group-1.0.4.tgz",
      "integrity": "sha512-/7tuY5pMQetHava4v6QUeOa4CwZA+mleNvbIoj+iqEmzkYUtlXbLqhzJIcbnDa/Hxgr1jaCwROrI77nuLyeCFg==",
      "dev": true,
      "license": "MIT",
      "peer": true,
      "peerDependencies": {
        "@deepseek-ai/cordis": "~4.0.4",
        "@deepseek-ai/cordis-plugin-loader": "~1.0.5"
      }
    },
    "node_modules/@deepseek-ai/cordis-plugin-include": {
      "version": "1.0.9",
      "resolved": "https://registry.npmmirror.com/@deepseek-ai/cordis-plugin-include/-/cordis-plugin-include-1.0.9.tgz",
      "integrity": "sha512-Xmekm7u5Kpeym6nABL4T1/Mg6aQYFZxsipB0WycmCctvX1DqAv8nCFwRmg2XMx/f7EbZgNEbXQwJfabcMu8zxQ==",
      "devOptional": true,
      "license": "MIT",
      "peer": true,
      "dependencies": {
        "@deepseek-ai/cosmokit": "~1.8.5",
        "js-yaml": "^4.1.0"
      },
      "peerDependencies": {
        "@deepseek-ai/cordis": "~4.0.4",
        "@deepseek-ai/cordis-plugin-loader": "~1.0.5"
      }
    },
    "node_modules/@deepseek-ai/cordis-plugin-loader": {
      "version": "1.0.5",
      "resolved": "https://registry.npmmirror.com/@deepseek-ai/cordis-plugin-loader/-/cordis-plugin-loader-1.0.5.tgz",
      "integrity": "sha512-200huL2ttWcjyeYllvPYn+qMR7I89qy8MhZasbHltPzB/KMrSfsyoCYKdCGc5KqPGj5iJugcmibQzjINMO9I+Q==",
      "devOptional": true,
      "license": "MIT",
      "dependencies": {
        "@deepseek-ai/cosmokit": "~1.8.5",
        "@deepseek-ai/schemastery": "~3.18.4"
      },
      "peerDependencies": {
        "@deepseek-ai/cordis": "~4.0.4",
        "node-addon-require-builtin": "^0.1.6"
      },
      "peerDependenciesMeta": {
        "node-addon-require-builtin": {
          "optional": true
        }
      }
    },
    "node_modules/@deepseek-ai/cosmokit": {
      "version": "1.8.5",
      "resolved": "https://registry.npmmirror.com/@deepseek-ai/cosmokit/-/cosmokit-1.8.5.tgz",
      "integrity": "sha512-LXsrlem9z8dq4sLflj2yuCuYX7KqhdzF5hZly3eZyuTo8d6oDSOXuEgC5DbQWKW+lksm6zmOutQLsP/ma6wR6A==",
      "license": "MIT"
    },
    "node_modules/@deepseek-ai/dsh-agent": {
      "version": "0.1.7-rc.2",
      "resolved": "https://registry.npmmirror.com/@deepseek-ai/dsh-agent/-/dsh-agent-0.1.7-rc.2.tgz",
      "integrity": "sha512-9U/zHZvZqRR5S2FD9fjjAuoMh+WfDan+bE/cLBLSLpqftjZ0FhIlEBK99yonUkNkGemyHiH/lL3jCKYw35ahJA==",
      "license": "MIT",
      "peer": true,
      "peerDependencies": {
        "@deepseek-ai/cordis": "~4.0.4",
        "@deepseek-ai/dsh-invariants": "0.1.7-rc.2",
        "@deepseek-ai/dsh-llm": "0.1.7-rc.2",
        "@deepseek-ai/dsh-scope": "0.1.7-rc.2",
        "@deepseek-ai/dsh-session": "0.1.7-rc.2",
        "@deepseek-ai/dsh-session-projection": "0.1.7-rc.2",
        "@deepseek-ai/dsh-system-prompt": "0.1.7-rc.2",
        "@deepseek-ai/dsh-typert-protocol": "0.1.7-rc.2",
        "@deepseek-ai/dsh-util-values": "0.1.7-rc.2",
        "@deepseek-ai/dsh-workspace": "0.1.7-rc.2"
      },
      "peerDependenciesMeta": {
        "@deepseek-ai/dsh-workspace": {
          "optional": true
        }
      }
    },
    "node_modules/@deepseek-ai/dsh-app-boot": {
      "version": "0.1.7-rc.2",
      "resolved": "https://registry.npmmirror.com/@deepseek-ai/dsh-app-boot/-/dsh-app-boot-0.1.7-rc.2.tgz",
      "integrity": "sha512-d0QWMMXxT6kICO9QRrXTqJRKP6bWNes7SVGJK6OOEzX6Ua9mzCx1KghPIf7tjW/ZmX0b8n1FoySr4IHElBkrOg==",
      "dev": true,
      "license": "MIT",
      "peer": true,
      "dependencies": {
        "@deepseek-ai/dsh-atomic-write": "0.1.7-rc.2",
        "@deepseek-ai/dsh-package-manifest": "0.1.7-rc.2",
        "@eslint-community/regexpp": "^4.12.2",
        "ajv": "^8.20.0",
        "js-yaml": "^4.2.0",
        "node-addon-require-builtin": "^0.1.6",
        "resolve.exports": "^2.0.3",
        "semver": "^7.8.5"
      },
      "peerDependencies": {
        "@deepseek-ai/cordis": "~4.0.4",
        "@deepseek-ai/cordis-plugin-group": "~1.0.4",
        "@deepseek-ai/cordis-plugin-include": "~1.0.9",
        "@deepseek-ai/cordis-plugin-loader": "~1.0.5",
        "@deepseek-ai/dsh-home-paths": "0.1.7-rc.2",
        "@deepseek-ai/dsh-launch-environment": "0.1.7-rc.2",
        "@deepseek-ai/dsh-system-prompt": "0.1.7-rc.2"
      }
    },
    "node_modules/@deepseek-ai/dsh-atomic-write": {
      "version": "0.1.7-rc.2",
      "resolved": "https://registry.npmmirror.com/@deepseek-ai/dsh-atomic-write/-/dsh-atomic-write-0.1.7-rc.2.tgz",
      "integrity": "sha512-gdUVkVv5DXBgnEDB1Dh/lL+HV/8mKR3AGUqNjLhQJSEqE9MIYyiHC+3zwzaWjeWhiTdLXd5rkA4HVCiS3KIcUg==",
      "dev": true,
      "license": "MIT",
      "peerDependencies": {
        "@deepseek-ai/cordis": "~4.0.4"
      }
    },
    "node_modules/@deepseek-ai/dsh-brand": {
      "version": "0.1.7-rc.2",
      "resolved": "https://registry.npmmirror.com/@deepseek-ai/dsh-brand/-/dsh-brand-0.1.7-rc.2.tgz",
      "integrity": "sha512-cvcvlNRuiFqZNNqyxdu7wcpiBjd9xa/0MpuhRvee43zBp9uED2p5JolZr5/2EKJf57gYx9k9bedb+Zbyiqnpkw==",
      "license": "MIT",
      "peer": true,
      "peerDependencies": {
        "@deepseek-ai/cordis": "~4.0.4"
      }
    },
    "node_modules/@deepseek-ai/dsh-config-editor": {
      "version": "0.1.7-rc.2",
      "resolved": "https://registry.npmmirror.com/@deepseek-ai/dsh-config-editor/-/dsh-config-editor-0.1.7-rc.2.tgz",
      "integrity": "sha512-UgNqOUqI9ZNABnb7TvoJ9d6EbaScVymL54YV/s8rU06cl4bTKuz/ahA8uLclyutCoRANkwh/eMiA+othLyhooA==",
      "dev": true,
      "license": "MIT",
      "dependencies": {
        "@deepseek-ai/dsh-atomic-write": "0.1.7-rc.2",
        "js-yaml": "^4.1.0",
        "yaml": "^2.8.1"
      },
      "peerDependencies": {
        "@deepseek-ai/cordis": "~4.0.4",
        "@deepseek-ai/cordis-plugin-include": "~1.0.9",
        "@deepseek-ai/cordis-plugin-loader": "~1.0.5",
        "@deepseek-ai/dsh-app-boot": "0.1.7-rc.2",
        "@deepseek-ai/dsh-hmr": "0.1.7-rc.2"
      },
      "peerDependenciesMeta": {
        "@deepseek-ai/dsh-hmr": {
          "optional": true
        }
      }
    },
    "node_modules/@deepseek-ai/dsh-home-paths": {
      "version": "0.1.7-rc.2",
      "resolved": "https://registry.npmmirror.com/@deepseek-ai/dsh-home-paths/-/dsh-home-paths-0.1.7-rc.2.tgz",
      "integrity": "sha512-LafnefS9IttUziet9cQfCNfyBVce+aCPBGFrZGxsQJZYZXvkDQH94QHzDIxOIJfwwHuKC36fP5riD+Eajpx5jw==",
      "dev": true,
      "license": "MIT",
      "peer": true,
      "peerDependencies": {
        "@deepseek-ai/cordis": "~4.0.4"
      }
    },
    "node_modules/@deepseek-ai/dsh-invariants": {
      "version": "0.1.7-rc.2",
      "resolved": "https://registry.npmmirror.com/@deepseek-ai/dsh-invariants/-/dsh-invariants-0.1.7-rc.2.tgz",
      "integrity": "sha512-GY2lY2TUUH2Qk1ZnrB3Q5+lXSh4webn1kbt5nQfhojVmNbist/f3dJC8JJa7XXOUNvqAgqRN9IZ4egbDZ9LLxQ==",
      "license": "MIT",
      "peer": true,
      "dependencies": {
        "@deepseek-ai/schemastery": "~3.18.4"
      },
      "peerDependencies": {
        "@deepseek-ai/cordis": "~4.0.4"
      }
    },
    "node_modules/@deepseek-ai/dsh-launch-environment": {
      "version": "0.1.7-rc.2",
      "resolved": "https://registry.npmmirror.com/@deepseek-ai/dsh-launch-environment/-/dsh-launch-environment-0.1.7-rc.2.tgz",
      "integrity": "sha512-i8U15ebCS4tWtL2mnuhfl0h5XXBagtbiGO63/OMeHpfWb5sHUvTYBNWTDxmlMjLDkTNQgPsXmRl0UrbWKCSJwg==",
      "dev": true,
      "license": "MIT",
      "peer": true,
      "peerDependencies": {
        "@deepseek-ai/cordis": "~4.0.4"
      }
    },
    "node_modules/@deepseek-ai/dsh-llm": {
      "version": "0.1.7-rc.2",
      "resolved": "https://registry.npmmirror.com/@deepseek-ai/dsh-llm/-/dsh-llm-0.1.7-rc.2.tgz",
      "integrity": "sha512-hNT3ovFnbNDQ8g544bh2Q9ORX40aI6Y+jhjer1lETeHS4g0jTjqUUVfARCTA7uAFvHucSBg2rFgbisIktmJCxw==",
      "license": "MIT",
      "peer": true,
      "dependencies": {
        "@deepseek-ai/dsh-brand": "0.1.7-rc.2",
        "@deepseek-ai/dsh-timeout": "0.1.7-rc.2",
        "@deepseek-ai/dsh-typert-protocol": "0.1.7-rc.2",
        "@deepseek-ai/dsh-util-crypto": "0.1.7-rc.2",
        "@deepseek-ai/dsh-util-values": "0.1.7-rc.2",
        "@deepseek-ai/schemastery": "~3.18.4",
        "zod": "^4.4.3"
      },
      "peerDependencies": {
        "@deepseek-ai/cordis": "~4.0.4"
      }
    },
    "node_modules/@deepseek-ai/dsh-package-manifest": {
      "version": "0.1.7-rc.2",
      "resolved": "https://registry.npmmirror.com/@deepseek-ai/dsh-package-manifest/-/dsh-package-manifest-0.1.7-rc.2.tgz",
      "integrity": "sha512-oS6OD0emk+HD25B8FomvuAkqCg0aEooQEs/Tk7sZj9ww0uMXwYtU69Wnh4rFBQzp8pkZBYv9HeIzw67iBwDH0w==",
      "dev": true,
      "license": "MIT",
      "peer": true,
      "peerDependencies": {
        "@deepseek-ai/cordis": "~4.0.4"
      }
    },
    "node_modules/@deepseek-ai/dsh-ptc-runtime": {
      "version": "0.1.7-rc.2",
      "resolved": "https://registry.npmmirror.com/@deepseek-ai/dsh-ptc-runtime/-/dsh-ptc-runtime-0.1.7-rc.2.tgz",
      "integrity": "sha512-zRFwSSUgTpKuFQTVwnuNO4067Gyi//4C4RRLaUntXaHkZv3z1S07f1fTaYwX4+ubIIAuAVeEsczxf6tPgZ8P5g==",
      "license": "MIT",
      "peer": true,
      "peerDependencies": {
        "@deepseek-ai/cordis": "~4.0.4",
        "@deepseek-ai/dsh-sandbox": "0.1.7-rc.2"
      }
    },
    "node_modules/@deepseek-ai/dsh-sandbox": {
      "version": "0.1.7-rc.2",
      "resolved": "https://registry.npmmirror.com/@deepseek-ai/dsh-sandbox/-/dsh-sandbox-0.1.7-rc.2.tgz",
      "integrity": "sha512-7aP893mtTvnuZfCKD6hUN5gYchi6Wogn4W3mg/rGMvogmhbWgrCs00boJx/eHK4KvVJmEW1e8kO5N+GtsesptA==",
      "license": "MIT",
      "peer": true,
      "dependencies": {
        "@deepseek-ai/dsh-util-values": "0.1.7-rc.2"
      },
      "peerDependencies": {
        "@deepseek-ai/cordis": "~4.0.4",
        "@deepseek-ai/dsh-llm": "0.1.7-rc.2",
        "@deepseek-ai/dsh-session": "0.1.7-rc.2"
      }
    },
    "node_modules/@deepseek-ai/dsh-sandbox-policy": {
      "version": "0.1.7-rc.2",
      "resolved": "https://registry.npmmirror.com/@deepseek-ai/dsh-sandbox-policy/-/dsh-sandbox-policy-0.1.7-rc.2.tgz",
      "integrity": "sha512-pIhCaOEqYjNoKy/c7dYYgYzK+zp8/FxnEeaBA5e6fTmNROb+/qSFsC4hY3Qu+PVU9IdbH/4fa6TbT2jnqoDPQw==",
      "license": "MIT",
      "peer": true,
      "dependencies": {
        "@deepseek-ai/schemastery": "~3.18.4",
        "zod": "^4.4.3"
      },
      "peerDependencies": {
        "@deepseek-ai/cordis": "~4.0.4",
        "@deepseek-ai/dsh-agent": "0.1.7-rc.2",
        "@deepseek-ai/dsh-invariants": "0.1.7-rc.2",
        "@deepseek-ai/dsh-sandbox": "0.1.7-rc.2",
        "@deepseek-ai/dsh-session": "0.1.7-rc.2",
        "@deepseek-ai/dsh-session-projection": "0.1.7-rc.2",
        "@deepseek-ai/dsh-system-prompt": "0.1.7-rc.2"
      }
    },
    "node_modules/@deepseek-ai/dsh-scope": {
      "version": "0.1.7-rc.2",
      "resolved": "https://registry.npmmirror.com/@deepseek-ai/dsh-scope/-/dsh-scope-0.1.7-rc.2.tgz",
      "integrity": "sha512-rk/OM5ej6/V8pCNczEqQ3BkKx3DuPeFGzNUsEZo8hF+tnkF/EhsxMWSXC/yP/uLKeNkSsVHzjFpaQR0qr0J3gQ==",
      "license": "MIT",
      "peer": true,
      "peerDependencies": {
        "@deepseek-ai/cordis": "~4.0.4",
        "@deepseek-ai/dsh-invariants": "0.1.7-rc.2"
      }
    },
    "node_modules/@deepseek-ai/dsh-session": {
      "version": "0.1.7-rc.2",
      "resolved": "https://registry.npmmirror.com/@deepseek-ai/dsh-session/-/dsh-session-0.1.7-rc.2.tgz",
      "integrity": "sha512-0dXv1t4Zox/yHkZ4PfPNSBWJfIc72PDqOvjz43EMoHpbmoKTVpit2UpUI+yTtX01e4MVBbDMxBZ95oJW/Oydnw==",
      "license": "MIT",
      "peer": true,
      "dependencies": {
        "@deepseek-ai/dsh-brand": "0.1.7-rc.2",
        "@deepseek-ai/dsh-llm": "0.1.7-rc.2",
        "@deepseek-ai/dsh-util-values": "0.1.7-rc.2"
      },
      "peerDependencies": {
        "@deepseek-ai/cordis": "~4.0.4",
        "@deepseek-ai/dsh-scope": "0.1.7-rc.2"
      }
    },
    "node_modules/@deepseek-ai/dsh-session-projection": {
      "version": "0.1.7-rc.2",
      "resolved": "https://registry.npmmirror.com/@deepseek-ai/dsh-session-projection/-/dsh-session-projection-0.1.7-rc.2.tgz",
      "integrity": "sha512-s5T8oHBEh+GeOTJ+wehD4CGZkTiWgczZZA+NDbfbqUO0k5L+dk0kk3fN+/srAg77rhR7UeeDSR8ZNcpYx/VUdw==",
      "license": "MIT",
      "peer": true,
      "dependencies": {
        "zod": "^4.4.3"
      },
      "peerDependencies": {
        "@deepseek-ai/cordis": "~4.0.4",
        "@deepseek-ai/dsh-session": "0.1.7-rc.2"
      }
    },
    "node_modules/@deepseek-ai/dsh-settings": {
      "version": "0.1.7-rc.2",
      "resolved": "https://registry.npmmirror.com/@deepseek-ai/dsh-settings/-/dsh-settings-0.1.7-rc.2.tgz",
      "integrity": "sha512-xS48//SMs3xp5qI+brj0T4BsJ1vgcv2LteZO6lW4X0YZVUOIe6H9aS2sRPh2OAWTFHrzPep4NwVkAOCD8NvBzQ==",
      "dev": true,
      "license": "MIT",
      "dependencies": {
        "@deepseek-ai/cordis-plugin-loader": "~1.0.5",
        "@deepseek-ai/cosmokit": "~1.8.5",
        "@deepseek-ai/dsh-config-editor": "0.1.7-rc.2",
        "@deepseek-ai/dsh-util-values": "0.1.7-rc.2",
        "yaml": "^2.8.1"
      },
      "peerDependencies": {
        "@deepseek-ai/cordis": "~4.0.4",
        "@deepseek-ai/dsh-brand": "0.1.7-rc.2",
        "@deepseek-ai/dsh-invariants": "0.1.7-rc.2",
        "@deepseek-ai/dsh-session": "0.1.7-rc.2",
        "@deepseek-ai/schemastery": "~3.18.4"
      }
    },
    "node_modules/@deepseek-ai/dsh-system-prompt": {
      "version": "0.1.7-rc.2",
      "resolved": "https://registry.npmmirror.com/@deepseek-ai/dsh-system-prompt/-/dsh-system-prompt-0.1.7-rc.2.tgz",
      "integrity": "sha512-vxKcADh7XOuWJOfa0WeEOhvFiUbMOdoK4w6M7KVCI0S99c9ktxrgY4wKdmAxap+nQjwTEPme3QuOlY3Na+cz9w==",
      "license": "MIT",
      "peer": true,
      "dependencies": {
        "@deepseek-ai/schemastery": "~3.18.4"
      },
      "peerDependencies": {
        "@deepseek-ai/cordis": "~4.0.4",
        "@deepseek-ai/dsh-invariants": "0.1.7-rc.2",
        "@deepseek-ai/dsh-llm": "0.1.7-rc.2",
        "@deepseek-ai/dsh-scope": "0.1.7-rc.2"
      }
    },
    "node_modules/@deepseek-ai/dsh-timeout": {
      "version": "0.1.7-rc.2",
      "resolved": "https://registry.npmmirror.com/@deepseek-ai/dsh-timeout/-/dsh-timeout-0.1.7-rc.2.tgz",
      "integrity": "sha512-YunLoLZSF8Ld9eYwyvKoBnxgy3GZrIQpw98HfFS15ZfZlqcFiZcchFhYmStLtUbtX+gjhoeXc8Xz913YbVifNA==",
      "license": "MIT",
      "peer": true,
      "peerDependencies": {
        "@deepseek-ai/cordis": "~4.0.4"
      }
    },
    "node_modules/@deepseek-ai/dsh-tools": {
      "version": "0.1.7-rc.2",
      "resolved": "https://registry.npmmirror.com/@deepseek-ai/dsh-tools/-/dsh-tools-0.1.7-rc.2.tgz",
      "integrity": "sha512-c3dTdKnslKxVTgjjPLwMKLqGUMwnZH5P8RUsucMQlWn2GViyFW/+5AIUuZHBjjE6Y7NAYl+lVVE/R4LgTp5KWA==",
      "license": "MIT",
      "peer": true,
      "dependencies": {
        "@deepseek-ai/dsh-brand": "0.1.7-rc.2",
        "@deepseek-ai/dsh-util-values": "0.1.7-rc.2",
        "@deepseek-ai/schemastery": "~3.18.4"
      },
      "peerDependencies": {
        "@deepseek-ai/cordis": "~4.0.4",
        "@deepseek-ai/dsh-agent": "0.1.7-rc.2",
        "@deepseek-ai/dsh-invariants": "0.1.7-rc.2",
        "@deepseek-ai/dsh-llm": "0.1.7-rc.2",
        "@deepseek-ai/dsh-ptc-runtime": "0.1.7-rc.2",
        "@deepseek-ai/dsh-sandbox": "0.1.7-rc.2",
        "@deepseek-ai/dsh-sandbox-policy": "0.1.7-rc.2",
        "@deepseek-ai/dsh-scope": "0.1.7-rc.2",
        "@deepseek-ai/dsh-session": "0.1.7-rc.2",
        "@deepseek-ai/dsh-system-prompt": "0.1.7-rc.2",
        "@deepseek-ai/dsh-user-approval": "0.1.7-rc.2"
      }
    },
    "node_modules/@deepseek-ai/dsh-typert-protocol": {
      "version": "0.1.7-rc.2",
      "resolved": "https://registry.npmmirror.com/@deepseek-ai/dsh-typert-protocol/-/dsh-typert-protocol-0.1.7-rc.2.tgz",
      "integrity": "sha512-oJm03zqMQlvt16Ejw7VWy3/gqlJGrBCZj3Z4KL8ydLJeeTToKIR49WVCxMbJTlH0F9QFljruLtHguA5B99AeUQ==",
      "license": "MIT",
      "peer": true,
      "dependencies": {
        "@deepseek-ai/dsh-brand": "0.1.7-rc.2"
      },
      "peerDependencies": {
        "@deepseek-ai/cordis": "~4.0.4"
      }
    },
    "node_modules/@deepseek-ai/dsh-user-approval": {
      "version": "0.1.7-rc.2",
      "resolved": "https://registry.npmmirror.com/@deepseek-ai/dsh-user-approval/-/dsh-user-approval-0.1.7-rc.2.tgz",
      "integrity": "sha512-RQ6GB+C4G6VY/eJrFfS89+89DfHFAJ5G1abhmutfKBhZcYSnGNZyPIzpr5mKbl2xNMIhvCJOb9WiFz2fUPW2HA==",
      "license": "MIT",
      "peer": true,
      "dependencies": {
        "@deepseek-ai/schemastery": "~3.18.4"
      },
      "peerDependencies": {
        "@deepseek-ai/cordis": "~4.0.4",
        "@deepseek-ai/dsh-agent": "0.1.7-rc.2",
        "@deepseek-ai/dsh-brand": "0.1.7-rc.2",
        "@deepseek-ai/dsh-invariants": "0.1.7-rc.2",
        "@deepseek-ai/dsh-llm": "0.1.7-rc.2",
        "@deepseek-ai/dsh-scope": "0.1.7-rc.2",
        "@deepseek-ai/dsh-session": "0.1.7-rc.2",
        "@deepseek-ai/dsh-system-prompt": "0.1.7-rc.2"
      }
    },
    "node_modules/@deepseek-ai/dsh-util-crypto": {
      "version": "0.1.7-rc.2",
      "resolved": "https://registry.npmmirror.com/@deepseek-ai/dsh-util-crypto/-/dsh-util-crypto-0.1.7-rc.2.tgz",
      "integrity": "sha512-BGc55/bSj/1LcDTQ5fpok4U24X9SFyN+TB23/hBlbe2TBUKVuwO8+X5FFKKje2MLO8PWYEDkXv/LrV6jRVKZEg==",
      "license": "MIT",
      "peer": true,
      "peerDependencies": {
        "@deepseek-ai/cordis": "~4.0.4"
      }
    },
    "node_modules/@deepseek-ai/dsh-util-values": {
      "version": "0.1.7-rc.2",
      "resolved": "https://registry.npmmirror.com/@deepseek-ai/dsh-util-values/-/dsh-util-values-0.1.7-rc.2.tgz",
      "integrity": "sha512-UX8nh5SbtZcPVVEvjd+9PCPcbybA6OpVzJGgFxYn59ao/7QQGyYbByS8KXr+THU5JtqmDDVb9xGUSJaF2IYmeQ==",
      "license": "MIT",
      "peerDependencies": {
        "@deepseek-ai/cordis": "~4.0.4"
      }
    },
    "node_modules/@deepseek-ai/schemastery": {
      "version": "3.18.4",
      "resolved": "https://registry.npmmirror.com/@deepseek-ai/schemastery/-/schemastery-3.18.4.tgz",
      "integrity": "sha512-SSXO6tYuyrIqKVbmOnIq0s+riUywYzouFMcnBluHF9n4KMo2G8HvEzhCYj6pj2617/glOjbJuVInJ9hfONsjkg==",
      "license": "MIT",
      "dependencies": {
        "@deepseek-ai/cosmokit": "~1.8.5",
        "@standard-schema/spec": "^1.1.0"
      }
    },
    "node_modules/@eslint-community/regexpp": {
      "version": "4.12.2",
      "resolved": "https://registry.npmmirror.com/@eslint-community/regexpp/-/regexpp-4.12.2.tgz",
      "integrity": "sha512-EriSTlt5OC9/7SXkRSCAhfSxxoSUgBm33OH+IkwbdpgoqsSsUg7y3uh+IICI/Qg4BBWr3U2i39RpmycbxMq4ew==",
      "dev": true,
      "license": "MIT",
      "peer": true,
      "engines": {
        "node": "^12.0.0 || ^14.0.0 || >=16.0.0"
      }
    },
    "node_modules/@standard-schema/spec": {
      "version": "1.1.0",
      "resolved": "https://registry.npmmirror.com/@standard-schema/spec/-/spec-1.1.0.tgz",
      "integrity": "sha512-l2aFy5jALhniG5HgqrD6jXLi/rUWrKvqN/qJx6yoJsgKhblVd+iqqU4RCXavm/jPityDo5TCvKMnpjKnOriy0w==",
      "license": "MIT"
    },
    "node_modules/ajv": {
      "version": "8.20.0",
      "resolved": "https://registry.npmmirror.com/ajv/-/ajv-8.20.0.tgz",
      "integrity": "sha512-Thbli+OlOj+iMPYFBVBfJ3OmCAnaSyNn4M1vz9T6Gka5Jt9ba/HIR56joy65tY6kx/FCF5VXNB819Y7/GUrBGA==",
      "dev": true,
      "license": "MIT",
      "peer": true,
      "dependencies": {
        "fast-deep-equal": "^3.1.3",
        "fast-uri": "^3.0.1",
        "json-schema-traverse": "^1.0.0",
        "require-from-string": "^2.0.2"
      },
      "funding": {
        "type": "github",
        "url": "https://github.com/sponsors/epoberezkin"
      }
    },
    "node_modules/argparse": {
      "version": "2.0.1",
      "resolved": "https://registry.npmmirror.com/argparse/-/argparse-2.0.1.tgz",
      "integrity": "sha512-8+9WqebbFzpX9OR+Wa6O29asIogeRMzcGtAINdpMHHyAg10f05aSFVBbcEqGf/PXw1EjAZ+q2/bEBg3DvurK3Q==",
      "devOptional": true,
      "license": "Python-2.0"
    },
    "node_modules/fast-deep-equal": {
      "version": "3.1.3",
      "resolved": "https://registry.npmmirror.com/fast-deep-equal/-/fast-deep-equal-3.1.3.tgz",
      "integrity": "sha512-f3qQ9oQy9j2AhBe/H9VC91wLmKBCCU/gDOnKNAYG5hswO7BLKj09Hc5HYNz9cGI++xlpDCIgDaitVs03ATR84Q==",
      "dev": true,
      "license": "MIT",
      "peer": true
    },
    "node_modules/fast-uri": {
      "version": "3.1.8",
      "resolved": "https://registry.npmmirror.com/fast-uri/-/fast-uri-3.1.8.tgz",
      "integrity": "sha512-GZMtZUTNRpOVIECoXwLNZS5xUGE+mVNbTB8h/7Rwh2TFWcBQiPzTgyZi05BF9UMZKkLJv8XBRJTlU7zg8+ZfMg==",
      "dev": true,
      "funding": [
        {
          "type": "github",
          "url": "https://github.com/sponsors/fastify"
        },
        {
          "type": "opencollective",
          "url": "https://opencollective.com/fastify"
        }
      ],
      "license": "BSD-3-Clause",
      "peer": true
    },
    "node_modules/js-yaml": {
      "version": "4.3.2",
      "resolved": "https://registry.npmmirror.com/js-yaml/-/js-yaml-4.3.2.tgz",
      "integrity": "sha512-SFNOvSJ+Dgf/9An904Yx+CgSlIPCkIpao4qo51lpee25TIRejdH3rhR4EZMGoNx3/TP3O+wzWuiTFl4sqbltzA==",
      "devOptional": true,
      "funding": [
        {
          "type": "github",
          "url": "https://github.com/sponsors/puzrin"
        },
        {
          "type": "github",
          "url": "https://github.com/sponsors/nodeca"
        }
      ],
      "license": "MIT",
      "dependencies": {
        "argparse": "^2.0.1"
      },
      "bin": {
        "js-yaml": "bin/js-yaml.js"
      }
    },
    "node_modules/json-schema-traverse": {
      "version": "1.0.0",
      "resolved": "https://registry.npmmirror.com/json-schema-traverse/-/json-schema-traverse-1.0.0.tgz",
      "integrity": "sha512-NM8/P9n3XjXhIZn1lLhkFaACTOURQXjWhV4BA/RnOv8xvgqtqpAX9IO4mRQxSx1Rlo4tqzeqb0sOlruaOy3dug==",
      "dev": true,
      "license": "MIT",
      "peer": true
    },
    "node_modules/node-addon-native-custom-loader": {
      "version": "0.1.6",
      "resolved": "https://registry.npmmirror.com/node-addon-native-custom-loader/-/node-addon-native-custom-loader-0.1.6.tgz",
      "integrity": "sha512-QaW7d8lTcGCXrpNVyFDtID3vrpa7vFdpcY9pql2/9FGFSe7tcSnhQOKZX+1aOWq+pB1d2ZwNnKAdQI5nD9wAXA==",
      "dev": true,
      "license": "MIT",
      "peer": true,
      "engines": {
        "node": ">=20"
      }
    },
    "node_modules/node-addon-require-builtin": {
      "version": "0.1.6",
      "resolved": "https://registry.npmmirror.com/node-addon-require-builtin/-/node-addon-require-builtin-0.1.6.tgz",
      "integrity": "sha512-P9ZGMDkloktirLJSggfpxsJ9jog5FItE1Omxpj50UBn3LhD6TS6/yx0jEBXsCGK3P9EtW1EpQVA1QL5gb11GaQ==",
      "dev": true,
      "license": "MIT",
      "peer": true,
      "dependencies": {
        "node-addon-native-custom-loader": "0.1.6"
      },
      "engines": {
        "node": ">=20"
      },
      "optionalDependencies": {
        "node-addon-require-builtin-darwin-arm64": "0.1.6",
        "node-addon-require-builtin-darwin-x64": "0.1.6",
        "node-addon-require-builtin-linux-arm64-gnu": "0.1.6",
        "node-addon-require-builtin-linux-x64-gnu": "0.1.6",
        "node-addon-require-builtin-win32-arm64-msvc": "0.1.6",
        "node-addon-require-builtin-win32-ia32-msvc": "0.1.6",
        "node-addon-require-builtin-win32-x64-msvc": "0.1.6"
      }
    },
    "node_modules/node-addon-require-builtin-darwin-arm64": {
      "version": "0.1.6",
      "resolved": "https://registry.npmmirror.com/node-addon-require-builtin-darwin-arm64/-/node-addon-require-builtin-darwin-arm64-0.1.6.tgz",
      "integrity": "sha512-KpaAh0mDcIScoJs7gD/mjXREcENJ023/DgWW3GrlLXFVzCE6bK6wFrTFpNfnkxZZP8yWsEWOg1o5T+uQ7olgTQ==",
      "cpu": [
        "arm64"
      ],
      "dev": true,
      "license": "MIT",
      "optional": true,
      "os": [
        "darwin"
      ],
      "peer": true,
      "dependencies": {
        "node-addon-native-custom-loader": "0.1.6"
      },
      "engines": {
        "node": ">=20"
      }
    },
    "node_modules/node-addon-require-builtin-darwin-x64": {
      "version": "0.1.6",
      "resolved": "https://registry.npmmirror.com/node-addon-require-builtin-darwin-x64/-/node-addon-require-builtin-darwin-x64-0.1.6.tgz",
      "integrity": "sha512-lh9o5rCvmkH8MZgBBmhyKzJRc1M1hJzgXLTFzB6iomRXNH9P1DKjN2nAJLmvGrdTij47Wcch1JVnlV5AG0cRCQ==",
      "cpu": [
        "x64"
      ],
      "dev": true,
      "license": "MIT",
      "optional": true,
      "os": [
        "darwin"
      ],
      "peer": true,
      "dependencies": {
        "node-addon-native-custom-loader": "0.1.6"
      },
      "engines": {
        "node": ">=20"
      }
    },
    "node_modules/node-addon-require-builtin-linux-arm64-gnu": {
      "version": "0.1.6",
      "resolved": "https://registry.npmmirror.com/node-addon-require-builtin-linux-arm64-gnu/-/node-addon-require-builtin-linux-arm64-gnu-0.1.6.tgz",
      "integrity": "sha512-DrQA3aS1LBn4NgrewbZkzSAWdSSRPD/fYO5AkQfvriQ/TQD3E2adB012sZ5eac6p9TAcTjUIYhk395AYVxo4Zw==",
      "cpu": [
        "arm64"
      ],
      "dev": true,
      "license": "MIT",
      "optional": true,
      "os": [
        "linux"
      ],
      "peer": true,
      "dependencies": {
        "node-addon-native-custom-loader": "0.1.6"
      },
      "engines": {
        "node": ">=20"
      }
    },
    "node_modules/node-addon-require-builtin-linux-x64-gnu": {
      "version": "0.1.6",
      "resolved": "https://registry.npmmirror.com/node-addon-require-builtin-linux-x64-gnu/-/node-addon-require-builtin-linux-x64-gnu-0.1.6.tgz",
      "integrity": "sha512-8wCxrFlB2Ld5DhxIm2P+nNFnQ0wjzDE5sXF68EUhLH0X+z313B07TUQFMBKCOkyhZIIBh590dBmhHCuA43No2A==",
      "cpu": [
        "x64"
      ],
      "dev": true,
      "license": "MIT",
      "optional": true,
      "os": [
        "linux"
      ],
      "peer": true,
      "dependencies": {
        "node-addon-native-custom-loader": "0.1.6"
      },
      "engines": {
        "node": ">=20"
      }
    },
    "node_modules/node-addon-require-builtin-win32-arm64-msvc": {
      "version": "0.1.6",
      "resolved": "https://registry.npmmirror.com/node-addon-require-builtin-win32-arm64-msvc/-/node-addon-require-builtin-win32-arm64-msvc-0.1.6.tgz",
      "integrity": "sha512-NET6DiLnKrK2DHuO4NNN+zJz0CFas+RwpJlGY0d3A3A3tc5dJQqZXgw8DzLOn4cSTAQCaDq6+LbPyYX7jE2F3Q==",
      "cpu": [
        "arm64"
      ],
      "dev": true,
      "license": "MIT",
      "optional": true,
      "os": [
        "win32"
      ],
      "peer": true,
      "dependencies": {
        "node-addon-native-custom-loader": "0.1.6"
      },
      "engines": {
        "node": ">=20"
      }
    },
    "node_modules/node-addon-require-builtin-win32-ia32-msvc": {
      "version": "0.1.6",
      "resolved": "https://registry.npmmirror.com/node-addon-require-builtin-win32-ia32-msvc/-/node-addon-require-builtin-win32-ia32-msvc-0.1.6.tgz",
      "integrity": "sha512-oj4G51r81kJ3E2t5KknKhBNb8TmTWzc/t9x7jkBF9JeRd+1a0kr99mVJVYwJNxq9d3jpt7dgBdI8mxaomuXOEQ==",
      "cpu": [
        "ia32"
      ],
      "dev": true,
      "license": "MIT",
      "optional": true,
      "os": [
        "win32"
      ],
      "peer": true,
      "dependencies": {
        "node-addon-native-custom-loader": "0.1.6"
      },
      "engines": {
        "node": ">=20 <23"
      }
    },
    "node_modules/node-addon-require-builtin-win32-x64-msvc": {
      "version": "0.1.6",
      "resolved": "https://registry.npmmirror.com/node-addon-require-builtin-win32-x64-msvc/-/node-addon-require-builtin-win32-x64-msvc-0.1.6.tgz",
      "integrity": "sha512-ZQ+6thVzQBOFamW7s3t2YqHsw99EEPBNH1uAjvCx4QfnjFJTsu6I/H3prpN8i6cSt6gjnQtArfWc2LXN2ufcJQ==",
      "cpu": [
        "x64"
      ],
      "dev": true,
      "license": "MIT",
      "optional": true,
      "os": [
        "win32"
      ],
      "peer": true,
      "dependencies": {
        "node-addon-native-custom-loader": "0.1.6"
      },
      "engines": {
        "node": ">=20"
      }
    },
    "node_modules/require-from-string": {
      "version": "2.0.2",
      "resolved": "https://registry.npmmirror.com/require-from-string/-/require-from-string-2.0.2.tgz",
      "integrity": "sha512-Xf0nWe6RseziFMu+Ap9biiUbmplq6S9/p+7w7YXP/JBHhrUDDUhwa+vANyubuqfZWTveU//DYVGsDG7RKL/vEw==",
      "dev": true,
      "license": "MIT",
      "peer": true,
      "engines": {
        "node": ">=0.10.0"
      }
    },
    "node_modules/resolve.exports": {
      "version": "2.0.3",
      "resolved": "https://registry.npmmirror.com/resolve.exports/-/resolve.exports-2.0.3.tgz",
      "integrity": "sha512-OcXjMsGdhL4XnbShKpAcSqPMzQoYkYyhbEaeSko47MjRP9NfEQMhZkXL1DoFlt9LWQn4YttrdnV6X2OiyzBi+A==",
      "dev": true,
      "license": "MIT",
      "peer": true,
      "engines": {
        "node": ">=10"
      }
    },
    "node_modules/semver": {
      "version": "7.8.5",
      "resolved": "https://registry.npmmirror.com/semver/-/semver-7.8.5.tgz",
      "integrity": "sha512-Y7/KDsb8LjooZpwaqGyulO6DQlksgCncchHGk+sZIY4SBvUocMBEFH5Ur1fI4dV+Jvl0w6cjvucaIi40puRioA==",
      "dev": true,
      "license": "ISC",
      "peer": true,
      "bin": {
        "semver": "bin/semver.js"
      },
      "engines": {
        "node": ">=10"
      }
    },
    "node_modules/yaml": {
      "version": "2.9.1",
      "resolved": "https://registry.npmmirror.com/yaml/-/yaml-2.9.1.tgz",
      "integrity": "sha512-3NxN8+78OdzbT7C/WjGsyfPAtJaN3FNDsWxv7Y7mcDsT/oOmgW8BpyQQFFBnvZE3j9Y2Sdz1ULFLezL7Eb2yFw==",
      "dev": true,
      "license": "ISC",
      "bin": {
        "yaml": "bin.mjs"
      },
      "engines": {
        "node": ">= 14.6"
      },
      "funding": {
        "url": "https://github.com/sponsors/eemeli"
      }
    },
    "node_modules/zod": {
      "version": "4.6.5",
      "resolved": "https://registry.npmmirror.com/zod/-/zod-4.6.5.tgz",
      "integrity": "sha512-v5l/aFXZQeai4awLbOpSoHecE9UiMrnfx75tEXLjNonXVARxQ5mOeipTjROUchszUNCqnE+hqAMujRsRHsut2Q==",
      "license": "MIT",
      "peer": true,
      "funding": {
        "url": "https://github.com/sponsors/colinhacks"
      }
    }
  }
}
